
Microsoft Visual Studio Solution File, Format Version 12.00
# Visual Studio 15
VisualStudioVersion = 15.0.28307.757
MinimumVisualStudioVersion = 10.0.40219.1
Project("{8BC9CEB8-8B4A-11D0-8D11-00A0C91BC942}") = "DunchangelingCore", "Dunchangeling\Dunchangeling.vcxproj", "{C375E417-E9CA-40BD-A282-511B9551A252}"
EndProject
Project("{8BC9CEB8-8B4A-11D0-8D11-00A0C91BC942}") = "DunchangelingUnity", "Project1\Project1.vcxproj", "{D9DAEEE1-A274-45E2-8746-96392A8B95F0}"
	ProjectSection(ProjectDependencies) = postProject
		{C375E417-E9CA-40BD-A282-511B9551A252} = {C375E417-E9CA-40BD-A282-511B9551A252}
	EndProjectSection
EndProject
Project("{8BC9CEB8-8B4A-11D0-8D11-00A0C91BC942}") = "DunchangelingTest", "DunchangelingTest\DunchangelingTest.vcxproj", "{26C4A07A-A796-4728-BAED-E88062903EEA}"
EndProject
Global
	GlobalSection(SolutionConfigurationPlatforms) = preSolution
		Debug|x64 = Debug|x64
		Debug|x86 = Debug|x86
		Release|x64 = Release|x64
		Release|x86 = Release|x86
	EndGlobalSection
	GlobalSection(ProjectConfigurationPlatforms) = postSolution
		{C375E417-E9CA-40BD-A282-511B9551A252}.Debug|x64.ActiveCfg = Debug|x64
		{C375E417-E9CA-40BD-A282-511B9551A252}.Debug|x64.Build.0 = Debug|x64
		{C375E417-E9CA-40BD-A282-511B9551A252}.Debug|x86.ActiveCfg = Debug|Win32
		{C375E417-E9CA-40BD-A282-511B9551A252}.Debug|x86.Build.0 = Debug|Win32
		{C375E417-E9CA-40BD-A282-511B9551A252}.Release|x64.ActiveCfg = Release|x64
		{C375E417-E9CA-40BD-A282-511B9551A252}.Release|x64.Build.0 = Release|x64
		{C375E417-E9CA-40BD-A282-511B9551A252}.Release|x86.ActiveCfg = Release|Win32
		{C375E417-E9CA-40BD-A282-511B9551A252}.Release|x86.Build.0 = Release|Win32
		{D9DAEEE1-A274-45E2-8746-96392A8B95F0}.Debug|x64.ActiveCfg = Debug|x64
		{D9DAEEE1-A274-45E2-8746-96392A8B95F0}.Debug|x64.Build.0 = Debug|x64
		{D9DAEEE1-A274-45E2-8746-96392A8B95F0}.Debug|x86.ActiveCfg = Debug|Win32
		{D9DAEEE1-A274-45E2-8746-96392A8B95F0}.Debug|x86.Build.0 = Debug|Win32
		{D9DAEEE1-A274-45E2-8746-96392A8B95F0}.Release|x64.ActiveCfg = Release|x64
		{D9DAEEE1-A274-45E2-8746-96392A8B95F0}.Release|x64.Build.0 = Release|x64
		{D9DAEEE1-A274-45E2-8746-96392A8B95F0}.Release|x86.ActiveCfg = Release|Win32
		{D9DAEEE1-A274-45E2-8746-96392A8B95F0}.Release|x86.Build.0 = Release|Win32
		{26C4A07A-A796-4728-BAED-E88062903EEA}.Debug|x64.ActiveCfg = Debug|x64
		{26C4A07A-A796-4728-BAED-E88062903EEA}.Debug|x64.Build.0 = Debug|x64
		{26C4A07A-A796-4728-BAED-E88062903EEA}.Debug|x86.ActiveCfg = Debug|Win32
		{26C4A07A-A796-4728-BAED-E88062903EEA}.Debug|x86.Build.0 = Debug|Win32
		{26C4A07A-A796-4728-BAED-E88062903EEA}.Release|x64.ActiveCfg = Release|x64
		{26C4A07A-A796-4728-BAED-E88062903EEA}.Release|x64.Build.0 = Release|x64
		{26C4A07A-A796-4728-BAED-E88062903EEA}.Release|x86.ActiveCfg = Release|Win32
		{26C4A07A-A796-4728-BAED-E88062903EEA}.Release|x86.Build.0 = Release|Win32
	EndGlobalSection
	GlobalSection(SolutionProperties) = preSolution
		HideSolutionNode = FALSE
	EndGlobalSection
	GlobalSection(ExtensibilityGlobals) = postSolution
		SolutionGuid = {B1C8F6AC-8015-4AFC-83E8-7612083B890C}
	EndGlobalSection
EndGlobal
